// !$*UTF8*$!
{
	archiveVersion = 1;
	classes = {
	};
	objectVersion = 50;
	objects = {

/* Begin PBXBuildFile section */
		EF2394E125DDD17000BA2E18 /* ThreadSafeController.swift in Sources */ = {isa = PBXBuildFile; fileRef = EF2394E025DDD17000BA2E18 /* ThreadSafeController.swift */; };
		EF2394E525DDD94300BA2E18 /* TimeMeasure.swift in Sources */ = {isa = PBXBuildFile; fileRef = EF2394E425DDD94300BA2E18 /* TimeMeasure.swift */; };
		EF380A8B243D13200028C42F /* AppDelegate.swift in Sources */ = {isa = PBXBuildFile; fileRef = EF380A8A243D13200028C42F /* AppDelegate.swift */; };
		EF380A8D243D13200028C42F /* SceneDelegate.swift in Sources */ = {isa = PBXBuildFile; fileRef = EF380A8C243D13200028C42F /* SceneDelegate.swift */; };
		EF380A8F243D13200028C42F /* ViewController.swift in Sources */ = {isa = PBXBuildFile; fileRef = EF380A8E243D13200028C42F /* ViewController.swift */; };
		EF380A94243D13200028C42F /* Assets.xcassets in Resources */ = {isa = PBXBuildFile; fileRef = EF380A93243D13200028C42F /* Assets.xcassets */; };
		EF380A97243D13200028C42F /* LaunchScreen.storyboard in Resources */ = {isa = PBXBuildFile; fileRef = EF380A95243D13200028C42F /* LaunchScreen.storyboard */; };
		EF380AA4243D1ECD0028C42F /* index.json in Resources */ = {isa = PBXBuildFile; fileRef = EF380AA3243D1ECD0028C42F /* index.json */; };
		EF380AA8243D328C0028C42F /* JSON+Extension.swift in Sources */ = {isa = PBXBuildFile; fileRef = EF380AA7243D328C0028C42F /* JSON+Extension.swift */; };
		EF453EED25E295A700E94CE4 /* QueueController.swift in Sources */ = {isa = PBXBuildFile; fileRef = EF453EEC25E295A700E94CE4 /* QueueController.swift */; };
		EF851599243E547300509B85 /* ViewControllerJSON.swift in Sources */ = {isa = PBXBuildFile; fileRef = EF851598243E547300509B85 /* ViewControllerJSON.swift */; };
		EFA2753A25D941DC00994E51 /* CompositionCollectionVC.swift in Sources */ = {isa = PBXBuildFile; fileRef = EFA2753925D941DC00994E51 /* CompositionCollectionVC.swift */; };
		EFA2754025D9669B00994E51 /* Reusable.swift in Sources */ = {isa = PBXBuildFile; fileRef = EFA2753F25D9669B00994E51 /* Reusable.swift */; };
		EFA2754725D969D700994E51 /* SampleCell.swift in Sources */ = {isa = PBXBuildFile; fileRef = EFA2754625D969D700994E51 /* SampleCell.swift */; };
		EFA2754B25D98B7000994E51 /* SecondCell.swift in Sources */ = {isa = PBXBuildFile; fileRef = EFA2754A25D98B7000994E51 /* SecondCell.swift */; };
/* End PBXBuildFile section */

/* Begin PBXFileReference section */
		EF2394E025DDD17000BA2E18 /* ThreadSafeController.swift */ = {isa = PBXFileReference; lastKnownFileType = sourcecode.swift; path = ThreadSafeController.swift; sourceTree = "<group>"; };
		EF2394E425DDD94300BA2E18 /* TimeMeasure.swift */ = {isa = PBXFileReference; lastKnownFileType = sourcecode.swift; path = TimeMeasure.swift; sourceTree = "<group>"; };
		EF380A87243D13200028C42F /* JSON_Trainer.app */ = {isa = PBXFileReference; explicitFileType = wrapper.application; includeInIndex = 0; path = JSON_Trainer.app; sourceTree = BUILT_PRODUCTS_DIR; };
		EF380A8A243D13200028C42F /* AppDelegate.swift */ = {isa = PBXFileReference; lastKnownFileType = sourcecode.swift; path = AppDelegate.swift; sourceTree = "<group>"; };
		EF380A8C243D13200028C42F /* SceneDelegate.swift */ = {isa = PBXFileReference; lastKnownFileType = sourcecode.swift; path = SceneDelegate.swift; sourceTree = "<group>"; };
		EF380A8E243D13200028C42F /* ViewController.swift */ = {isa = PBXFileReference; lastKnownFileType = sourcecode.swift; path = ViewController.swift; sourceTree = "<group>"; };
		EF380A93243D13200028C42F /* Assets.xcassets */ = {isa = PBXFileReference; lastKnownFileType = folder.assetcatalog; path = Assets.xcassets; sourceTree = "<group>"; };
		EF380A96243D13200028C42F /* Base */ = {isa = PBXFileReference; lastKnownFileType = file.storyboard; name = Base; path = Base.lproj/LaunchScreen.storyboard; sourceTree = "<group>"; };
		EF380A98243D13200028C42F /* Info.plist */ = {isa = PBXFileReference; lastKnownFileType = text.plist.xml; path = Info.plist; sourceTree = "<group>"; };
		EF380AA3243D1ECD0028C42F /* index.json */ = {isa = PBXFileReference; fileEncoding = 4; lastKnownFileType = text.json; path = index.json; sourceTree = "<group>"; };
		EF380AA7243D328C0028C42F /* JSON+Extension.swift */ = {isa = PBXFileReference; fileEncoding = 4; lastKnownFileType = sourcecode.swift; path = "JSON+Extension.swift"; sourceTree = "<group>"; };
		EF453EEC25E295A700E94CE4 /* QueueController.swift */ = {isa = PBXFileReference; lastKnownFileType = sourcecode.swift; path = QueueController.swift; sourceTree = "<group>"; };
		EF851598243E547300509B85 /* ViewControllerJSON.swift */ = {isa = PBXFileReference; lastKnownFileType = sourcecode.swift; path = ViewControllerJSON.swift; sourceTree = "<group>"; };
		EFA2753925D941DC00994E51 /* CompositionCollectionVC.swift */ = {isa = PBXFileReference; lastKnownFileType = sourcecode.swift; path = CompositionCollectionVC.swift; sourceTree = "<group>"; };
		EFA2753F25D9669B00994E51 /* Reusable.swift */ = {isa = PBXFileReference; lastKnownFileType = sourcecode.swift; path = Reusable.swift; sourceTree = "<group>"; };
		EFA2754625D969D700994E51 /* SampleCell.swift */ = {isa = PBXFileReference; lastKnownFileType = sourcecode.swift; path = SampleCell.swift; sourceTree = "<group>"; };
		EFA2754A25D98B7000994E51 /* SecondCell.swift */ = {isa = PBXFileReference; lastKnownFileType = sourcecode.swift; path = SecondCell.swift; sourceTree = "<group>"; };
/* End PBXFileReference section */

/* Begin PBXFrameworksBuildPhase section */
		EF380A84243D13200028C42F /* Frameworks */ = {
			isa = PBXFrameworksBuildPhase;
			buildActionMask = 2147483647;
			files = (
			);
			runOnlyForDeploymentPostprocessing = 0;
		};
/* End PBXFrameworksBuildPhase section */

/* Begin PBXGroup section */
		EF2394E325DDD93300BA2E18 /* Helpers */ = {
			isa = PBXGroup;
			children = (
				EF2394E425DDD94300BA2E18 /* TimeMeasure.swift */,
			);
			path = Helpers;
			sourceTree = "<group>";
		};
		EF2394E825DDD97200BA2E18 /* Controllers */ = {
			isa = PBXGroup;
			children = (
				EF380A8E243D13200028C42F /* ViewController.swift */,
				EF851598243E547300509B85 /* ViewControllerJSON.swift */,
				EFA2753925D941DC00994E51 /* CompositionCollectionVC.swift */,
				EF2394E025DDD17000BA2E18 /* ThreadSafeController.swift */,
				EF453EEC25E295A700E94CE4 /* QueueController.swift */,
			);
			path = Controllers;
			sourceTree = "<group>";
		};
		EF380A7E243D13200028C42F = {
			isa = PBXGroup;
			children = (
				EF380A89243D13200028C42F /* JSON_Trainer */,
				EF380A88243D13200028C42F /* Products */,
			);
			sourceTree = "<group>";
		};
		EF380A88243D13200028C42F /* Products */ = {
			isa = PBXGroup;
			children = (
				EF380A87243D13200028C42F /* JSON_Trainer.app */,
			);
			name = Products;
			sourceTree = "<group>";
		};
		EF380A89243D13200028C42F /* JSON_Trainer */ = {
			isa = PBXGroup;
			children = (
				EF2394E325DDD93300BA2E18 /* Helpers */,
				EFA2753E25D9666300994E51 /* Extensions */,
				EFA2754425D969BB00994E51 /* Views */,
				EF2394E825DDD97200BA2E18 /* Controllers */,
				EF380A9E243D18FD0028C42F /* Supporting Files */,
			);
			path = JSON_Trainer;
			sourceTree = "<group>";
		};
		EF380A9E243D18FD0028C42F /* Supporting Files */ = {
			isa = PBXGroup;
			children = (
				EF380A98243D13200028C42F /* Info.plist */,
				EF380A93243D13200028C42F /* Assets.xcassets */,
				EF380A95243D13200028C42F /* LaunchScreen.storyboard */,
				EF380A8A243D13200028C42F /* AppDelegate.swift */,
				EF380A8C243D13200028C42F /* SceneDelegate.swift */,
				EF380AA3243D1ECD0028C42F /* index.json */,
			);
			path = "Supporting Files";
			sourceTree = "<group>";
		};
		EFA2753E25D9666300994E51 /* Extensions */ = {
			isa = PBXGroup;
			children = (
				EF380AA7243D328C0028C42F /* JSON+Extension.swift */,
				EFA2753F25D9669B00994E51 /* Reusable.swift */,
			);
			path = Extensions;
			sourceTree = "<group>";
		};
		EFA2754425D969BB00994E51 /* Views */ = {
			isa = PBXGroup;
			children = (
				EFA2754525D969C400994E51 /* Cells */,
			);
			path = Views;
			sourceTree = "<group>";
		};
		EFA2754525D969C400994E51 /* Cells */ = {
			isa = PBXGroup;
			children = (
				EFA2754625D969D700994E51 /* SampleCell.swift */,
				EFA2754A25D98B7000994E51 /* SecondCell.swift */,
			);
			path = Cells;
			sourceTree = "<group>";
		};
/* End PBXGroup section */

/* Begin PBXNativeTarget section */
		EF380A86243D13200028C42F /* JSON_Trainer */ = {
			isa = PBXNativeTarget;
			buildConfigurationList = EF380A9B243D13200028C42F /* Build configuration list for PBXNativeTarget "JSON_Trainer" */;
			buildPhases = (
				EF380A83243D13200028C42F /* Sources */,
				EF380A84243D13200028C42F /* Frameworks */,
				EF380A85243D13200028C42F /* Resources */,
			);
			buildRules = (
			);
			dependencies = (
			);
			name = JSON_Trainer;
			productName = JSON_Trainer;
			productReference = EF380A87243D13200028C42F /* JSON_Trainer.app */;
			productType = "com.apple.product-type.application";
		};
/* End PBXNativeTarget section */

/* Begin PBXProject section */
		EF380A7F243D13200028C42F /* Project object */ = {
			isa = PBXProject;
			attributes = {
				LastSwiftUpdateCheck = 1130;
				LastUpgradeCheck = 1200;
				ORGANIZATIONNAME = "Zinko Viacheslav";
				TargetAttributes = {
					EF380A86243D13200028C42F = {
						CreatedOnToolsVersion = 11.3.1;
					};
				};
			};
			buildConfigurationList = EF380A82243D13200028C42F /* Build configuration list for PBXProject "JSON_Trainer" */;
			compatibilityVersion = "Xcode 9.3";
			developmentRegion = en;
			hasScannedForEncodings = 0;
			knownRegions = (
				en,
				Base,
			);
			mainGroup = EF380A7E243D13200028C42F;
			productRefGroup = EF380A88243D13200028C42F /* Products */;
			projectDirPath = "";
			projectRoot = "";
			targets = (
				EF380A86243D13200028C42F /* JSON_Trainer */,
			);
		};
/* End PBXProject section */

/* Begin PBXResourcesBuildPhase section */
		EF380A85243D13200028C42F /* Resources */ = {
			isa = PBXResourcesBuildPhase;
			buildActionMask = 2147483647;
			files = (
				EF380A97243D13200028C42F /* LaunchScreen.storyboard in Resources */,
				EF380AA4243D1ECD0028C42F /* index.json in Resources */,
				EF380A94243D13200028C42F /* Assets.xcassets in Resources */,
			);
			runOnlyForDeploymentPostprocessing = 0;
		};
/* End PBXResourcesBuildPhase section */

/* Begin PBXSourcesBuildPhase section */
		EF380A83243D13200028C42F /* Sources */ = {
			isa = PBXSourcesBuildPhase;
			buildActionMask = 2147483647;
			files = (
				EF2394E125DDD17000BA2E18 /* ThreadSafeController.swift in Sources */,
				EF2394E525DDD94300BA2E18 /* TimeMeasure.swift in Sources */,
				EF380A8F243D13200028C42F /* ViewController.swift in Sources */,
				EF380AA8243D328C0028C42F /* JSON+Extension.swift in Sources */,
				EF380A8B243D13200028C42F /* AppDelegate.swift in Sources */,
				EF453EED25E295A700E94CE4 /* QueueController.swift in Sources */,
				EFA2753A25D941DC00994E51 /* CompositionCollectionVC.swift in Sources */,
				EFA2754B25D98B7000994E51 /* SecondCell.swift in Sources */,
				EF851599243E547300509B85 /* ViewControllerJSON.swift in Sources */,
				EFA2754725D969D700994E51 /* SampleCell.swift in Sources */,
				EF380A8D243D13200028C42F /* SceneDelegate.swift in Sources */,
				EFA2754025D9669B00994E51 /* Reusable.swift in Sources */,
			);
			runOnlyForDeploymentPostprocessing = 0;
		};
/* End PBXSourcesBuildPhase section */

/* Begin PBXVariantGroup section */
		EF380A95243D13200028C42F /* LaunchScreen.storyboard */ = {
			isa = PBXVariantGroup;
			children = (
				EF380A96243D13200028C42F /* Base */,
			);
			name = LaunchScreen.storyboard;
			sourceTree = "<group>";
		};
/* End PBXVariantGroup section */

/* Begin XCBuildConfiguration section */
		EF380A99243D13200028C42F /* Debug */ = {
			isa = XCBuildConfiguration;
			buildSettings = {
				ALWAYS_SEARCH_USER_PATHS = NO;
				CLANG_ANALYZER_NONNULL = YES;
				CLANG_ANALYZER_NUMBER_OBJECT_CONVERSION = YES_AGGRESSIVE;
				CLANG_CXX_LANGUAGE_STANDARD = "gnu++14";
				CLANG_CXX_LIBRARY = "libc++";
				CLANG_ENABLE_MODULES = YES;
				CLANG_ENABLE_OBJC_ARC = YES;
				CLANG_ENABLE_OBJC_WEAK = YES;
				CLANG_WARN_BLOCK_CAPTURE_AUTORELEASING = YES;
				CLANG_WARN_BOOL_CONVERSION = YES;
				CLANG_WARN_COMMA = YES;
				CLANG_WARN_CONSTANT_CONVERSION = YES;
				CLANG_WARN_DEPRECATED_OBJC_IMPLEMENTATIONS = YES;
				CLANG_WARN_DIRECT_OBJC_ISA_USAGE = YES_ERROR;
				CLANG_WARN_DOCUMENTATION_COMMENTS = YES;
				CLANG_WARN_EMPTY_BODY = YES;
				CLANG_WARN_ENUM_CONVERSION = YES;
				CLANG_WARN_INFINITE_RECURSION = YES;
				CLANG_WARN_INT_CONVERSION = YES;
				CLANG_WARN_NON_LITERAL_NULL_CONVERSION = YES;
				CLANG_WARN_OBJC_IMPLICIT_RETAIN_SELF = YES;
				CLANG_WARN_OBJC_LITERAL_CONVERSION = YES;
				CLANG_WARN_OBJC_ROOT_CLASS = YES_ERROR;
				CLANG_WARN_QUOTED_INCLUDE_IN_FRAMEWORK_HEADER = YES;
				CLANG_WARN_RANGE_LOOP_ANALYSIS = YES;
				CLANG_WARN_STRICT_PROTOTYPES = YES;
				CLANG_WARN_SUSPICIOUS_MOVE = YES;
				CLANG_WARN_UNGUARDED_AVAILABILITY = YES_AGGRESSIVE;
				CLANG_WARN_UNREACHABLE_CODE = YES;
				CLANG_WARN__DUPLICATE_METHOD_MATCH = YES;
				COPY_PHASE_STRIP = NO;
				DEBUG_INFORMATION_FORMAT = dwarf;
				ENABLE_STRICT_OBJC_MSGSEND = YES;
				ENABLE_TESTABILITY = YES;
				GCC_C_LANGUAGE_STANDARD = gnu11;
				GCC_DYNAMIC_NO_PIC = NO;
				GCC_NO_COMMON_BLOCKS = YES;
				GCC_OPTIMIZATION_LEVEL = 0;
				GCC_PREPROCESSOR_DEFINITIONS = (
					"DEBUG=1",
					"$(inherited)",
				);
				GCC_WARN_64_TO_32_BIT_CONVERSION = YES;
				GCC_WARN_ABOUT_RETURN_TYPE = YES_ERROR;
				GCC_WARN_UNDECLARED_SELECTOR = YES;
				GCC_WARN_UNINITIALIZED_AUTOS = YES_AGGRESSIVE;
				GCC_WARN_UNUSED_FUNCTION = YES;
				GCC_WARN_UNUSED_VARIABLE = YES;
				IPHONEOS_DEPLOYMENT_TARGET = 13.2;
				MTL_ENABLE_DEBUG_INFO = INCLUDE_SOURCE;
				MTL_FAST_MATH = YES;
				ONLY_ACTIVE_ARCH = YES;
				SDKROOT = iphoneos;
				SWIFT_ACTIVE_COMPILATION_CONDITIONS = DEBUG;
				SWIFT_OPTIMIZATION_LEVEL = "-Onone";
			};
			name = Debug;
		};
		EF380A9A243D13200028C42F /* Release */ = {
			isa = XCBuildConfiguration;
			buildSettings = {
				ALWAYS_SEARCH_USER_PATHS = NO;
				CLANG_ANALYZER_NONNULL = YES;
				CLANG_ANALYZER_NUMBER_OBJECT_CONVERSION = YES_AGGRESSIVE;
				CLANG_CXX_LANGUAGE_STANDARD = "gnu++14";
				CLANG_CXX_LIBRARY = "libc++";
				CLANG_ENABLE_MODULES = YES;
				CLANG_ENABLE_OBJC_ARC = YES;
				CLANG_ENABLE_OBJC_WEAK = YES;
				CLANG_WARN_BLOCK_CAPTURE_AUTORELEASING = YES;
				CLANG_WARN_BOOL_CONVERSION = YES;
				CLANG_WARN_COMMA = YES;
				CLANG_WARN_CONSTANT_CONVERSION = YES;
				CLANG_WARN_DEPRECATED_OBJC_IMPLEMENTATIONS = YES;
				CLANG_WARN_DIRECT_OBJC_ISA_USAGE = YES_ERROR;
				CLANG_WARN_DOCUMENTATION_COMMENTS = YES;
				CLANG_WARN_EMPTY_BODY = YES;
				CLANG_WARN_ENUM_CONVERSION = YES;
				CLANG_WARN_INFINITE_RECURSION = YES;
				CLANG_WARN_INT_CONVERSION = YES;
				CLANG_WARN_NON_LITERAL_NULL_CONVERSION = YES;
				CLANG_WARN_OBJC_IMPLICIT_RETAIN_SELF = YES;
				CLANG_WARN_OBJC_LITERAL_CONVERSION = YES;
				CLANG_WARN_OBJC_ROOT_CLASS = YES_ERROR;
				CLANG_WARN_QUOTED_INCLUDE_IN_FRAMEWORK_HEADER = YES;
				CLANG_WARN_RANGE_LOOP_ANALYSIS = YES;
				CLANG_WARN_STRICT_PROTOTYPES = YES;
				CLANG_WARN_SUSPICIOUS_MOVE = YES;
				CLANG_WARN_UNGUARDED_AVAILABILITY = YES_AGGRESSIVE;
				CLANG_WARN_UNREACHABLE_CODE = YES;
				CLANG_WARN__DUPLICATE_METHOD_MATCH = YES;
				COPY_PHASE_STRIP = NO;
				DEBUG_INFORMATION_FORMAT = "dwarf-with-dsym";
				ENABLE_NS_ASSERTIONS = NO;
				ENABLE_STRICT_OBJC_MSGSEND = YES;
				GCC_C_LANGUAGE_STANDARD = gnu11;
				GCC_NO_COMMON_BLOCKS = YES;
				GCC_WARN_64_TO_32_BIT_CONVERSION = YES;
				GCC_WARN_ABOUT_RETURN_TYPE = YES_ERROR;
				GCC_WARN_UNDECLARED_SELECTOR = YES;
				GCC_WARN_UNINITIALIZED_AUTOS = YES_AGGRESSIVE;
				GCC_WARN_UNUSED_FUNCTION = YES;
				GCC_WARN_UNUSED_VARIABLE = YES;
				IPHONEOS_DEPLOYMENT_TARGET = 13.2;
				MTL_ENABLE_DEBUG_INFO = NO;
				MTL_FAST_MATH = YES;
				SDKROOT = iphoneos;
				SWIFT_COMPILATION_MODE = wholemodule;
				SWIFT_OPTIMIZATION_LEVEL = "-O";
				VALIDATE_PRODUCT = YES;
			};
			name = Release;
		};
		EF380A9C243D13200028C42F /* Debug */ = {
			isa = XCBuildConfiguration;
			buildSettings = {
				ASSETCATALOG_COMPILER_APPICON_NAME = AppIcon;
				CODE_SIGN_STYLE = Automatic;
				DEVELOPMENT_TEAM = LC7P3687MC;
				GCC_WARN_INHIBIT_ALL_WARNINGS = NO;
				INFOPLIST_FILE = "JSON_Trainer/Supporting Files/Info.plist";
				IPHONEOS_DEPLOYMENT_TARGET = 13.0;
				LD_RUNPATH_SEARCH_PATHS = (
					"$(inherited)",
					"@executable_path/Frameworks",
				);
				PRODUCT_BUNDLE_IDENTIFIER = "none.JSON-Trainer";
				PRODUCT_NAME = "$(TARGET_NAME)";
				SWIFT_VERSION = 5.0;
				TARGETED_DEVICE_FAMILY = "1,2";
			};
			name = Debug;
		};
		EF380A9D243D13200028C42F /* Release */ = {
			isa = XCBuildConfiguration;
			buildSettings = {
				ASSETCATALOG_COMPILER_APPICON_NAME = AppIcon;
				CODE_SIGN_STYLE = Automatic;
				DEVELOPMENT_TEAM = LC7P3687MC;
				GCC_WARN_INHIBIT_ALL_WARNINGS = NO;
				INFOPLIST_FILE = "JSON_Trainer/Supporting Files/Info.plist";
				IPHONEOS_DEPLOYMENT_TARGET = 13.0;
				LD_RUNPATH_SEARCH_PATHS = (
					"$(inherited)",
					"@executable_path/Frameworks",
				);
				PRODUCT_BUNDLE_IDENTIFIER = "none.JSON-Trainer";
				PRODUCT_NAME = "$(TARGET_NAME)";
				SWIFT_VERSION = 5.0;
				TARGETED_DEVICE_FAMILY = "1,2";
			};
			name = Release;
		};
/* End XCBuildConfiguration section */

/* Begin XCConfigurationList section */
		EF380A82243D13200028C42F /* Build configuration list for PBXProject "JSON_Trainer" */ = {
			isa = XCConfigurationList;
			buildConfigurations = (
				EF380A99243D13200028C42F /* Debug */,
				EF380A9A243D13200028C42F /* Release */,
			);
			defaultConfigurationIsVisible = 0;
			defaultConfigurationName = Release;
		};
		EF380A9B243D13200028C42F /* Build configuration list for PBXNativeTarget "JSON_Trainer" */ = {
			isa = XCConfigurationList;
			buildConfigurations = (
				EF380A9C243D13200028C42F /* Debug */,
				EF380A9D243D13200028C42F /* Release */,
			);
			defaultConfigurationIsVisible = 0;
			defaultConfigurationName = Release;
		};
/* End XCConfigurationList section */
	};
	rootObject = EF380A7F243D13200028C42F /* Project object */;
}
